
Microsoft Visual Studio Solution File, Format Version 12.00
# Visual Studio Version 17
VisualStudioVersion = 17.0.31903.59
MinimumVisualStudioVersion = 10.0.40219.1
Project("{FAE04EC0-301F-11D3-BF4B-00C04F79EFBC}") = "GameModelsLib", "GameModelsLib\GameModelsLib.csproj", "{3185FA00-C235-44CA-B104-1AD6C215D583}"
EndProject
Project("{FAE04EC0-301F-11D3-BF4B-00C04F79EFBC}") = "UDPGameClient", "UDPGameClient\UDPGameClient.csproj", "{2F903959-8CCF-4A85-B7A8-A3F02EEE8609}"
EndProject
Global
	GlobalSection(SolutionConfigurationPlatforms) = preSolution
		Debug|Any CPU = Debug|Any CPU
		Release|Any CPU = Release|Any CPU
	EndGlobalSection
	GlobalSection(ProjectConfigurationPlatforms) = postSolution
		{3185FA00-C235-44CA-B104-1AD6C215D583}.Debug|Any CPU.ActiveCfg = Debug|Any CPU
		{3185FA00-C235-44CA-B104-1AD6C215D583}.Debug|Any CPU.Build.0 = Debug|Any CPU
		{3185FA00-C235-44CA-B104-1AD6C215D583}.Release|Any CPU.ActiveCfg = Release|Any CPU
		{3185FA00-C235-44CA-B104-1AD6C215D583}.Release|Any CPU.Build.0 = Release|Any CPU
		{2F903959-8CCF-4A85-B7A8-A3F02EEE8609}.Debug|Any CPU.ActiveCfg = Debug|Any CPU
		{2F903959-8CCF-4A85-B7A8-A3F02EEE8609}.Debug|Any CPU.Build.0 = Debug|Any CPU
		{2F903959-8CCF-4A85-B7A8-A3F02EEE8609}.Release|Any CPU.ActiveCfg = Release|Any CPU
		{2F903959-8CCF-4A85-B7A8-A3F02EEE8609}.Release|Any CPU.Build.0 = Release|Any CPU
	EndGlobalSection
	GlobalSection(SolutionProperties) = preSolution
		HideSolutionNode = FALSE
	EndGlobalSection
	GlobalSection(ExtensibilityGlobals) = postSolution
		SolutionGuid = {ED3333C6-8928-45F9-BD05-EA2E24145233}
	EndGlobalSection
EndGlobal
